
Microsoft Visual Studio Solution File, Format Version 12.00
# Visual Studio Version 17
VisualStudioVersion = 17.13.35919.96 d17.13
MinimumVisualStudioVersion = 10.0.40219.1
Project("{FAE04EC0-301F-11D3-BF4B-00C04F79EFBC}") = "Hangman_testing", "Hangman_testing\Hangman_testing.csproj", "{C3A9E0FE-18F6-4DBB-90AC-9CCF79F0B76A}"
EndProject
Global
	GlobalSection(SolutionConfigurationPlatforms) = preSolution
		Debug|Any CPU = Debug|Any CPU
		Release|Any CPU = Release|Any CPU
	EndGlobalSection
	GlobalSection(ProjectConfigurationPlatforms) = postSolution
		{C3A9E0FE-18F6-4DBB-90AC-9CCF79F0B76A}.Debug|Any CPU.ActiveCfg = Debug|Any CPU
		{C3A9E0FE-18F6-4DBB-90AC-9CCF79F0B76A}.Debug|Any CPU.Build.0 = Debug|Any CPU
		{C3A9E0FE-18F6-4DBB-90AC-9CCF79F0B76A}.Release|Any CPU.ActiveCfg = Release|Any CPU
		{C3A9E0FE-18F6-4DBB-90AC-9CCF79F0B76A}.Release|Any CPU.Build.0 = Release|Any CPU
	EndGlobalSection
	GlobalSection(SolutionProperties) = preSolution
		HideSolutionNode = FALSE
	EndGlobalSection
	GlobalSection(ExtensibilityGlobals) = postSolution
		SolutionGuid = {62BFB113-3D40-41A2-BD3A-BBF26ED847EE}
	EndGlobalSection
EndGlobal
